// !$*UTF8*$!
{
	archiveVersion = 1;
	classes = {
	};
	objectVersion = 46;
	objects = {

/* Begin PBXBuildFile section */
		463E73021EB0E898003946E7 /* UserInfo.swift in Sources */ = {isa = PBXBuildFile; fileRef = 463E73011EB0E898003946E7 /* UserInfo.swift */; };
		466153321EB376EC003B5F98 /* ProfilViewController.swift in Sources */ = {isa = PBXBuildFile; fileRef = 466153311EB376EC003B5F98 /* ProfilViewController.swift */; };
		468D5FC81EAF77E90072B5F0 /* AppDelegate.swift in Sources */ = {isa = PBXBuildFile; fileRef = 468D5FC71EAF77E90072B5F0 /* AppDelegate.swift */; };
		468D5FCA1EAF77E90072B5F0 /* ViewController.swift in Sources */ = {isa = PBXBuildFile; fileRef = 468D5FC91EAF77E90072B5F0 /* ViewController.swift */; };
		468D5FCD1EAF77E90072B5F0 /* Main.storyboard in Resources */ = {isa = PBXBuildFile; fileRef = 468D5FCB1EAF77E90072B5F0 /* Main.storyboard */; };
		468D5FCF1EAF77E90072B5F0 /* Assets.xcassets in Resources */ = {isa = PBXBuildFile; fileRef = 468D5FCE1EAF77E90072B5F0 /* Assets.xcassets */; };
		468D5FD21EAF77E90072B5F0 /* LaunchScreen.storyboard in Resources */ = {isa = PBXBuildFile; fileRef = 468D5FD01EAF77E90072B5F0 /* LaunchScreen.storyboard */; };
		46CA46F01EAFA2040060DB99 /* APIHandler.swift in Sources */ = {isa = PBXBuildFile; fileRef = 46CA46EF1EAFA2040060DB99 /* APIHandler.swift */; };
		46F1791C1EB8C23C0007FDC1 /* ProjectsTableViewController.swift in Sources */ = {isa = PBXBuildFile; fileRef = 46F1791B1EB8C23C0007FDC1 /* ProjectsTableViewController.swift */; };
		46F1791E1EB8C2460007FDC1 /* SkillsTableViewController.swift in Sources */ = {isa = PBXBuildFile; fileRef = 46F1791D1EB8C2460007FDC1 /* SkillsTableViewController.swift */; };
		46F179221EB8D1190007FDC1 /* SkillsTableViewCell.swift in Sources */ = {isa = PBXBuildFile; fileRef = 46F179211EB8D1190007FDC1 /* SkillsTableViewCell.swift */; };
		46F179241EB8D48C0007FDC1 /* ProjectsTableViewCell.swift in Sources */ = {isa = PBXBuildFile; fileRef = 46F179231EB8D48C0007FDC1 /* ProjectsTableViewCell.swift */; };
		951ADF011EB4D5C300A31E8E /* ProjectsUser.swift in Sources */ = {isa = PBXBuildFile; fileRef = 951ADF001EB4D5C300A31E8E /* ProjectsUser.swift */; };
		951ADF031EB4D5D200A31E8E /* SkillsUser.swift in Sources */ = {isa = PBXBuildFile; fileRef = 951ADF021EB4D5D200A31E8E /* SkillsUser.swift */; };
		9588F9971EB4D1B200104AEF /* Podfile in Resources */ = {isa = PBXBuildFile; fileRef = 9588F9961EB4D1B200104AEF /* Podfile */; };
		CC0521D7F4FA18D21B3951E8 /* Pods_Swifty_companion.framework in Frameworks */ = {isa = PBXBuildFile; fileRef = 15D035E2F60523B822C0839E /* Pods_Swifty_companion.framework */; };
/* End PBXBuildFile section */

/* Begin PBXContainerItemProxy section */
		468D5FD91EAF77E90072B5F0 /* PBXContainerItemProxy */ = {
			isa = PBXContainerItemProxy;
			containerPortal = 468D5FBC1EAF77E70072B5F0 /* Project object */;
			proxyType = 1;
			remoteGlobalIDString = 468D5FC31EAF77E70072B5F0;
			remoteInfo = Swifty_companion;
		};
		468D5FE41EAF77E90072B5F0 /* PBXContainerItemProxy */ = {
			isa = PBXContainerItemProxy;
			containerPortal = 468D5FBC1EAF77E70072B5F0 /* Project object */;
			proxyType = 1;
			remoteGlobalIDString = 468D5FC31EAF77E70072B5F0;
			remoteInfo = Swifty_companion;
		};
/* End PBXContainerItemProxy section */

/* Begin PBXFileReference section */
		050667E09E9AAB376A7FF839 /* Pods-Swifty_companion.release.xcconfig */ = {isa = PBXFileReference; includeInIndex = 1; lastKnownFileType = text.xcconfig; name = "Pods-Swifty_companion.release.xcconfig"; path = "Pods/Target Support Files/Pods-Swifty_companion/Pods-Swifty_companion.release.xcconfig"; sourceTree = "<group>"; };
		15D035E2F60523B822C0839E /* Pods_Swifty_companion.framework */ = {isa = PBXFileReference; explicitFileType = wrapper.framework; includeInIndex = 0; path = Pods_Swifty_companion.framework; sourceTree = BUILT_PRODUCTS_DIR; };
		463E73011EB0E898003946E7 /* UserInfo.swift */ = {isa = PBXFileReference; fileEncoding = 4; lastKnownFileType = sourcecode.swift; path = UserInfo.swift; sourceTree = "<group>"; };
		466153311EB376EC003B5F98 /* ProfilViewController.swift */ = {isa = PBXFileReference; fileEncoding = 4; lastKnownFileType = sourcecode.swift; path = ProfilViewController.swift; sourceTree = "<group>"; };
		468D5FC41EAF77E90072B5F0 /* Swifty_companion.app */ = {isa = PBXFileReference; explicitFileType = wrapper.application; includeInIndex = 0; path = Swifty_companion.app; sourceTree = BUILT_PRODUCTS_DIR; };
		468D5FC71EAF77E90072B5F0 /* AppDelegate.swift */ = {isa = PBXFileReference; lastKnownFileType = sourcecode.swift; path = AppDelegate.swift; sourceTree = "<group>"; };
		468D5FC91EAF77E90072B5F0 /* ViewController.swift */ = {isa = PBXFileReference; lastKnownFileType = sourcecode.swift; path = ViewController.swift; sourceTree = "<group>"; };
		468D5FCC1EAF77E90072B5F0 /* Base */ = {isa = PBXFileReference; lastKnownFileType = file.storyboard; name = Base; path = Base.lproj/Main.storyboard; sourceTree = "<group>"; };
		468D5FCE1EAF77E90072B5F0 /* Assets.xcassets */ = {isa = PBXFileReference; lastKnownFileType = folder.assetcatalog; path = Assets.xcassets; sourceTree = "<group>"; };
		468D5FD11EAF77E90072B5F0 /* Base */ = {isa = PBXFileReference; lastKnownFileType = file.storyboard; name = Base; path = Base.lproj/LaunchScreen.storyboard; sourceTree = "<group>"; };
		468D5FD31EAF77E90072B5F0 /* Info.plist */ = {isa = PBXFileReference; lastKnownFileType = text.plist.xml; path = Info.plist; sourceTree = "<group>"; };
		468D5FD81EAF77E90072B5F0 /* Swifty_companionTests.xctest */ = {isa = PBXFileReference; explicitFileType = wrapper.cfbundle; includeInIndex = 0; path = Swifty_companionTests.xctest; sourceTree = BUILT_PRODUCTS_DIR; };
		468D5FE31EAF77E90072B5F0 /* Swifty_companionUITests.xctest */ = {isa = PBXFileReference; explicitFileType = wrapper.cfbundle; includeInIndex = 0; path = Swifty_companionUITests.xctest; sourceTree = BUILT_PRODUCTS_DIR; };
		46CA46EF1EAFA2040060DB99 /* APIHandler.swift */ = {isa = PBXFileReference; fileEncoding = 4; lastKnownFileType = sourcecode.swift; path = APIHandler.swift; sourceTree = "<group>"; };
		46F1791B1EB8C23C0007FDC1 /* ProjectsTableViewController.swift */ = {isa = PBXFileReference; fileEncoding = 4; lastKnownFileType = sourcecode.swift; path = ProjectsTableViewController.swift; sourceTree = "<group>"; };
		46F1791D1EB8C2460007FDC1 /* SkillsTableViewController.swift */ = {isa = PBXFileReference; fileEncoding = 4; lastKnownFileType = sourcecode.swift; path = SkillsTableViewController.swift; sourceTree = "<group>"; };
		46F179211EB8D1190007FDC1 /* SkillsTableViewCell.swift */ = {isa = PBXFileReference; fileEncoding = 4; lastKnownFileType = sourcecode.swift; path = SkillsTableViewCell.swift; sourceTree = "<group>"; };
		46F179231EB8D48C0007FDC1 /* ProjectsTableViewCell.swift */ = {isa = PBXFileReference; fileEncoding = 4; lastKnownFileType = sourcecode.swift; path = ProjectsTableViewCell.swift; sourceTree = "<group>"; };
		951ADF001EB4D5C300A31E8E /* ProjectsUser.swift */ = {isa = PBXFileReference; fileEncoding = 4; lastKnownFileType = sourcecode.swift; path = ProjectsUser.swift; sourceTree = "<group>"; };
		951ADF021EB4D5D200A31E8E /* SkillsUser.swift */ = {isa = PBXFileReference; fileEncoding = 4; lastKnownFileType = sourcecode.swift; path = SkillsUser.swift; sourceTree = "<group>"; };
		9588F9961EB4D1B200104AEF /* Podfile */ = {isa = PBXFileReference; fileEncoding = 4; lastKnownFileType = text; path = Podfile; sourceTree = "<group>"; };
		A17EF34940394179E9CE204E /* Pods-Swifty_companion.debug.xcconfig */ = {isa = PBXFileReference; includeInIndex = 1; lastKnownFileType = text.xcconfig; name = "Pods-Swifty_companion.debug.xcconfig"; path = "Pods/Target Support Files/Pods-Swifty_companion/Pods-Swifty_companion.debug.xcconfig"; sourceTree = "<group>"; };
/* End PBXFileReference section */

/* Begin PBXFrameworksBuildPhase section */
		468D5FC11EAF77E70072B5F0 /* Frameworks */ = {
			isa = PBXFrameworksBuildPhase;
			buildActionMask = 2147483647;
			files = (
				CC0521D7F4FA18D21B3951E8 /* Pods_Swifty_companion.framework in Frameworks */,
			);
			runOnlyForDeploymentPostprocessing = 0;
		};
		468D5FD51EAF77E90072B5F0 /* Frameworks */ = {
			isa = PBXFrameworksBuildPhase;
			buildActionMask = 2147483647;
			files = (
			);
			runOnlyForDeploymentPostprocessing = 0;
		};
		468D5FE01EAF77E90072B5F0 /* Frameworks */ = {
			isa = PBXFrameworksBuildPhase;
			buildActionMask = 2147483647;
			files = (
			);
			runOnlyForDeploymentPostprocessing = 0;
		};
/* End PBXFrameworksBuildPhase section */

/* Begin PBXGroup section */
		41E5DD6DC38508589DCD6485 /* Frameworks */ = {
			isa = PBXGroup;
			children = (
				15D035E2F60523B822C0839E /* Pods_Swifty_companion.framework */,
			);
			name = Frameworks;
			sourceTree = "<group>";
		};
		468D5FBB1EAF77E70072B5F0 = {
			isa = PBXGroup;
			children = (
				468D5FC61EAF77E90072B5F0 /* Swifty_companion */,
				468D5FC51EAF77E90072B5F0 /* Products */,
				F0DE0FDB4ECCF56DA2D91D1B /* Pods */,
				41E5DD6DC38508589DCD6485 /* Frameworks */,
				9588F9961EB4D1B200104AEF /* Podfile */,
			);
			sourceTree = "<group>";
		};
		468D5FC51EAF77E90072B5F0 /* Products */ = {
			isa = PBXGroup;
			children = (
				468D5FC41EAF77E90072B5F0 /* Swifty_companion.app */,
				468D5FD81EAF77E90072B5F0 /* Swifty_companionTests.xctest */,
				468D5FE31EAF77E90072B5F0 /* Swifty_companionUITests.xctest */,
			);
			name = Products;
			sourceTree = "<group>";
		};
		468D5FC61EAF77E90072B5F0 /* Swifty_companion */ = {
			isa = PBXGroup;
			children = (
				468D5FC71EAF77E90072B5F0 /* AppDelegate.swift */,
				46CA46EF1EAFA2040060DB99 /* APIHandler.swift */,
				468D5FC91EAF77E90072B5F0 /* ViewController.swift */,
				463E73011EB0E898003946E7 /* UserInfo.swift */,
				466153311EB376EC003B5F98 /* ProfilViewController.swift */,
				951ADF001EB4D5C300A31E8E /* ProjectsUser.swift */,
				46F179231EB8D48C0007FDC1 /* ProjectsTableViewCell.swift */,
				46F1791B1EB8C23C0007FDC1 /* ProjectsTableViewController.swift */,
				951ADF021EB4D5D200A31E8E /* SkillsUser.swift */,
				46F179211EB8D1190007FDC1 /* SkillsTableViewCell.swift */,
				46F1791D1EB8C2460007FDC1 /* SkillsTableViewController.swift */,
				468D5FCB1EAF77E90072B5F0 /* Main.storyboard */,
				468D5FCE1EAF77E90072B5F0 /* Assets.xcassets */,
				468D5FD01EAF77E90072B5F0 /* LaunchScreen.storyboard */,
				468D5FD31EAF77E90072B5F0 /* Info.plist */,
			);
			path = Swifty_companion;
			sourceTree = "<group>";
		};
		F0DE0FDB4ECCF56DA2D91D1B /* Pods */ = {
			isa = PBXGroup;
			children = (
				A17EF34940394179E9CE204E /* Pods-Swifty_companion.debug.xcconfig */,
				050667E09E9AAB376A7FF839 /* Pods-Swifty_companion.release.xcconfig */,
			);
			name = Pods;
			sourceTree = "<group>";
		};
/* End PBXGroup section */

/* Begin PBXNativeTarget section */
		468D5FC31EAF77E70072B5F0 /* Swifty_companion */ = {
			isa = PBXNativeTarget;
			buildConfigurationList = 468D5FEC1EAF77E90072B5F0 /* Build configuration list for PBXNativeTarget "Swifty_companion" */;
			buildPhases = (
				8B34EF8F56D736B15DB2260F /* [CP] Check Pods Manifest.lock */,
				468D5FC01EAF77E70072B5F0 /* Sources */,
				468D5FC11EAF77E70072B5F0 /* Frameworks */,
				468D5FC21EAF77E70072B5F0 /* Resources */,
				D7C8B8BBFBA8F7199B597227 /* [CP] Embed Pods Frameworks */,
				A83954431A44701653769091 /* [CP] Copy Pods Resources */,
			);
			buildRules = (
			);
			dependencies = (
			);
			name = Swifty_companion;
			productName = Swifty_companion;
			productReference = 468D5FC41EAF77E90072B5F0 /* Swifty_companion.app */;
			productType = "com.apple.product-type.application";
		};
		468D5FD71EAF77E90072B5F0 /* Swifty_companionTests */ = {
			isa = PBXNativeTarget;
			buildConfigurationList = 468D5FEF1EAF77E90072B5F0 /* Build configuration list for PBXNativeTarget "Swifty_companionTests" */;
			buildPhases = (
				468D5FD41EAF77E90072B5F0 /* Sources */,
				468D5FD51EAF77E90072B5F0 /* Frameworks */,
				468D5FD61EAF77E90072B5F0 /* Resources */,
			);
			buildRules = (
			);
			dependencies = (
				468D5FDA1EAF77E90072B5F0 /* PBXTargetDependency */,
			);
			name = Swifty_companionTests;
			productName = Swifty_companionTests;
			productReference = 468D5FD81EAF77E90072B5F0 /* Swifty_companionTests.xctest */;
			productType = "com.apple.product-type.bundle.unit-test";
		};
		468D5FE21EAF77E90072B5F0 /* Swifty_companionUITests */ = {
			isa = PBXNativeTarget;
			buildConfigurationList = 468D5FF21EAF77E90072B5F0 /* Build configuration list for PBXNativeTarget "Swifty_companionUITests" */;
			buildPhases = (
				468D5FDF1EAF77E90072B5F0 /* Sources */,
				468D5FE01EAF77E90072B5F0 /* Frameworks */,
				468D5FE11EAF77E90072B5F0 /* Resources */,
			);
			buildRules = (
			);
			dependencies = (
				468D5FE51EAF77E90072B5F0 /* PBXTargetDependency */,
			);
			name = Swifty_companionUITests;
			productName = Swifty_companionUITests;
			productReference = 468D5FE31EAF77E90072B5F0 /* Swifty_companionUITests.xctest */;
			productType = "com.apple.product-type.bundle.ui-testing";
		};
/* End PBXNativeTarget section */

/* Begin PBXProject section */
		468D5FBC1EAF77E70072B5F0 /* Project object */ = {
			isa = PBXProject;
			attributes = {
				LastSwiftUpdateCheck = 0820;
				LastUpgradeCheck = 0820;
				ORGANIZATIONNAME = "Thomas VISENTIN";
				TargetAttributes = {
					468D5FC31EAF77E70072B5F0 = {
						CreatedOnToolsVersion = 8.2.1;
						ProvisioningStyle = Automatic;
					};
					468D5FD71EAF77E90072B5F0 = {
						CreatedOnToolsVersion = 8.2.1;
						ProvisioningStyle = Automatic;
						TestTargetID = 468D5FC31EAF77E70072B5F0;
					};
					468D5FE21EAF77E90072B5F0 = {
						CreatedOnToolsVersion = 8.2.1;
						ProvisioningStyle = Automatic;
						TestTargetID = 468D5FC31EAF77E70072B5F0;
					};
				};
			};
			buildConfigurationList = 468D5FBF1EAF77E70072B5F0 /* Build configuration list for PBXProject "Swifty_companion" */;
			compatibilityVersion = "Xcode 3.2";
			developmentRegion = English;
			hasScannedForEncodings = 0;
			knownRegions = (
				en,
				Base,
			);
			mainGroup = 468D5FBB1EAF77E70072B5F0;
			productRefGroup = 468D5FC51EAF77E90072B5F0 /* Products */;
			projectDirPath = "";
			projectRoot = "";
			targets = (
				468D5FC31EAF77E70072B5F0 /* Swifty_companion */,
				468D5FD71EAF77E90072B5F0 /* Swifty_companionTests */,
				468D5FE21EAF77E90072B5F0 /* Swifty_companionUITests */,
			);
		};
/* End PBXProject section */

/* Begin PBXResourcesBuildPhase section */
		468D5FC21EAF77E70072B5F0 /* Resources */ = {
			isa = PBXResourcesBuildPhase;
			buildActionMask = 2147483647;
			files = (
				468D5FD21EAF77E90072B5F0 /* LaunchScreen.storyboard in Resources */,
				468D5FCF1EAF77E90072B5F0 /* Assets.xcassets in Resources */,
				9588F9971EB4D1B200104AEF /* Podfile in Resources */,
				468D5FCD1EAF77E90072B5F0 /* Main.storyboard in Resources */,
			);
			runOnlyForDeploymentPostprocessing = 0;
		};
		468D5FD61EAF77E90072B5F0 /* Resources */ = {
			isa = PBXResourcesBuildPhase;
			buildActionMask = 2147483647;
			files = (
			);
			runOnlyForDeploymentPostprocessing = 0;
		};
		468D5FE11EAF77E90072B5F0 /* Resources */ = {
			isa = PBXResourcesBuildPhase;
			buildActionMask = 2147483647;
			files = (
			);
			runOnlyForDeploymentPostprocessing = 0;
		};
/* End PBXResourcesBuildPhase section */

/* Begin PBXShellScriptBuildPhase section */
		8B34EF8F56D736B15DB2260F /* [CP] Check Pods Manifest.lock */ = {
			isa = PBXShellScriptBuildPhase;
			buildActionMask = 2147483647;
			files = (
			);
			inputPaths = (
			);
			name = "[CP] Check Pods Manifest.lock";
			outputPaths = (
			);
			runOnlyForDeploymentPostprocessing = 0;
			shellPath = /bin/sh;
			shellScript = "diff \"${PODS_ROOT}/../Podfile.lock\" \"${PODS_ROOT}/Manifest.lock\" > /dev/null\nif [ $? != 0 ] ; then\n    # print error to STDERR\n    echo \"error: The sandbox is not in sync with the Podfile.lock. Run 'pod install' or update your CocoaPods installation.\" >&2\n    exit 1\nfi\n";
			showEnvVarsInLog = 0;
		};
		A83954431A44701653769091 /* [CP] Copy Pods Resources */ = {
			isa = PBXShellScriptBuildPhase;
			buildActionMask = 2147483647;
			files = (
			);
			inputPaths = (
			);
			name = "[CP] Copy Pods Resources";
			outputPaths = (
			);
			runOnlyForDeploymentPostprocessing = 0;
			shellPath = /bin/sh;
			shellScript = "\"${SRCROOT}/Pods/Target Support Files/Pods-Swifty_companion/Pods-Swifty_companion-resources.sh\"\n";
			showEnvVarsInLog = 0;
		};
		D7C8B8BBFBA8F7199B597227 /* [CP] Embed Pods Frameworks */ = {
			isa = PBXShellScriptBuildPhase;
			buildActionMask = 2147483647;
			files = (
			);
			inputPaths = (
			);
			name = "[CP] Embed Pods Frameworks";
			outputPaths = (
			);
			runOnlyForDeploymentPostprocessing = 0;
			shellPath = /bin/sh;
			shellScript = "\"${SRCROOT}/Pods/Target Support Files/Pods-Swifty_companion/Pods-Swifty_companion-frameworks.sh\"\n";
			showEnvVarsInLog = 0;
		};
/* End PBXShellScriptBuildPhase section */

/* Begin PBXSourcesBuildPhase section */
		468D5FC01EAF77E70072B5F0 /* Sources */ = {
			isa = PBXSourcesBuildPhase;
			buildActionMask = 2147483647;
			files = (
				951ADF031EB4D5D200A31E8E /* SkillsUser.swift in Sources */,
				46F179241EB8D48C0007FDC1 /* ProjectsTableViewCell.swift in Sources */,
				463E73021EB0E898003946E7 /* UserInfo.swift in Sources */,
				466153321EB376EC003B5F98 /* ProfilViewController.swift in Sources */,
				46F179221EB8D1190007FDC1 /* SkillsTableViewCell.swift in Sources */,
				46F1791E1EB8C2460007FDC1 /* SkillsTableViewController.swift in Sources */,
				46CA46F01EAFA2040060DB99 /* APIHandler.swift in Sources */,
				468D5FCA1EAF77E90072B5F0 /* ViewController.swift in Sources */,
				951ADF011EB4D5C300A31E8E /* ProjectsUser.swift in Sources */,
				468D5FC81EAF77E90072B5F0 /* AppDelegate.swift in Sources */,
				46F1791C1EB8C23C0007FDC1 /* ProjectsTableViewController.swift in Sources */,
			);
			runOnlyForDeploymentPostprocessing = 0;
		};
		468D5FD41EAF77E90072B5F0 /* Sources */ = {
			isa = PBXSourcesBuildPhase;
			buildActionMask = 2147483647;
			files = (
			);
			runOnlyForDeploymentPostprocessing = 0;
		};
		468D5FDF1EAF77E90072B5F0 /* Sources */ = {
			isa = PBXSourcesBuildPhase;
			buildActionMask = 2147483647;
			files = (
			);
			runOnlyForDeploymentPostprocessing = 0;
		};
/* End PBXSourcesBuildPhase section */

/* Begin PBXTargetDependency section */
		468D5FDA1EAF77E90072B5F0 /* PBXTargetDependency */ = {
			isa = PBXTargetDependency;
			target = 468D5FC31EAF77E70072B5F0 /* Swifty_companion */;
			targetProxy = 468D5FD91EAF77E90072B5F0 /* PBXContainerItemProxy */;
		};
		468D5FE51EAF77E90072B5F0 /* PBXTargetDependency */ = {
			isa = PBXTargetDependency;
			target = 468D5FC31EAF77E70072B5F0 /* Swifty_companion */;
			targetProxy = 468D5FE41EAF77E90072B5F0 /* PBXContainerItemProxy */;
		};
/* End PBXTargetDependency section */

/* Begin PBXVariantGroup section */
		468D5FCB1EAF77E90072B5F0 /* Main.storyboard */ = {
			isa = PBXVariantGroup;
			children = (
				468D5FCC1EAF77E90072B5F0 /* Base */,
			);
			name = Main.storyboard;
			sourceTree = "<group>";
		};
		468D5FD01EAF77E90072B5F0 /* LaunchScreen.storyboard */ = {
			isa = PBXVariantGroup;
			children = (
				468D5FD11EAF77E90072B5F0 /* Base */,
			);
			name = LaunchScreen.storyboard;
			sourceTree = "<group>";
		};
/* End PBXVariantGroup section */

/* Begin XCBuildConfiguration section */
		468D5FEA1EAF77E90072B5F0 /* Debug */ = {
			isa = XCBuildConfiguration;
			buildSettings = {
				ALWAYS_SEARCH_USER_PATHS = NO;
				CLANG_ANALYZER_NONNULL = YES;
				CLANG_CXX_LANGUAGE_STANDARD = "gnu++0x";
				CLANG_CXX_LIBRARY = "libc++";
				CLANG_ENABLE_MODULES = YES;
				CLANG_ENABLE_OBJC_ARC = YES;
				CLANG_WARN_BOOL_CONVERSION = YES;
				CLANG_WARN_CONSTANT_CONVERSION = YES;
				CLANG_WARN_DIRECT_OBJC_ISA_USAGE = YES_ERROR;
				CLANG_WARN_DOCUMENTATION_COMMENTS = YES;
				CLANG_WARN_EMPTY_BODY = YES;
				CLANG_WARN_ENUM_CONVERSION = YES;
				CLANG_WARN_INFINITE_RECURSION = YES;
				CLANG_WARN_INT_CONVERSION = YES;
				CLANG_WARN_OBJC_ROOT_CLASS = YES_ERROR;
				CLANG_WARN_SUSPICIOUS_MOVE = YES;
				CLANG_WARN_UNREACHABLE_CODE = YES;
				CLANG_WARN__DUPLICATE_METHOD_MATCH = YES;
				"CODE_SIGN_IDENTITY[sdk=iphoneos*]" = "iPhone Developer";
				COPY_PHASE_STRIP = NO;
				DEBUG_INFORMATION_FORMAT = dwarf;
				ENABLE_STRICT_OBJC_MSGSEND = YES;
				ENABLE_TESTABILITY = YES;
				GCC_C_LANGUAGE_STANDARD = gnu99;
				GCC_DYNAMIC_NO_PIC = NO;
				GCC_NO_COMMON_BLOCKS = YES;
				GCC_OPTIMIZATION_LEVEL = 0;
				GCC_PREPROCESSOR_DEFINITIONS = (
					"DEBUG=1",
					"$(inherited)",
				);
				GCC_WARN_64_TO_32_BIT_CONVERSION = YES;
				GCC_WARN_ABOUT_RETURN_TYPE = YES_ERROR;
				GCC_WARN_UNDECLARED_SELECTOR = YES;
				GCC_WARN_UNINITIALIZED_AUTOS = YES_AGGRESSIVE;
				GCC_WARN_UNUSED_FUNCTION = YES;
				GCC_WARN_UNUSED_VARIABLE = YES;
				IPHONEOS_DEPLOYMENT_TARGET = 10.2;
				MTL_ENABLE_DEBUG_INFO = YES;
				ONLY_ACTIVE_ARCH = YES;
				SDKROOT = iphoneos;
				SWIFT_ACTIVE_COMPILATION_CONDITIONS = DEBUG;
				SWIFT_OPTIMIZATION_LEVEL = "-Onone";
				TARGETED_DEVICE_FAMILY = "1,2";
			};
			name = Debug;
		};
		468D5FEB1EAF77E90072B5F0 /* Release */ = {
			isa = XCBuildConfiguration;
			buildSettings = {
				ALWAYS_SEARCH_USER_PATHS = NO;
				CLANG_ANALYZER_NONNULL = YES;
				CLANG_CXX_LANGUAGE_STANDARD = "gnu++0x";
				CLANG_CXX_LIBRARY = "libc++";
				CLANG_ENABLE_MODULES = YES;
				CLANG_ENABLE_OBJC_ARC = YES;
				CLANG_WARN_BOOL_CONVERSION = YES;
				CLANG_WARN_CONSTANT_CONVERSION = YES;
				CLANG_WARN_DIRECT_OBJC_ISA_USAGE = YES_ERROR;
				CLANG_WARN_DOCUMENTATION_COMMENTS = YES;
				CLANG_WARN_EMPTY_BODY = YES;
				CLANG_WARN_ENUM_CONVERSION = YES;
				CLANG_WARN_INFINITE_RECURSION = YES;
				CLANG_WARN_INT_CONVERSION = YES;
				CLANG_WARN_OBJC_ROOT_CLASS = YES_ERROR;
				CLANG_WARN_SUSPICIOUS_MOVE = YES;
				CLANG_WARN_UNREACHABLE_CODE = YES;
				CLANG_WARN__DUPLICATE_METHOD_MATCH = YES;
				"CODE_SIGN_IDENTITY[sdk=iphoneos*]" = "iPhone Developer";
				COPY_PHASE_STRIP = NO;
				DEBUG_INFORMATION_FORMAT = "dwarf-with-dsym";
				ENABLE_NS_ASSERTIONS = NO;
				ENABLE_STRICT_OBJC_MSGSEND = YES;
				GCC_C_LANGUAGE_STANDARD = gnu99;
				GCC_NO_COMMON_BLOCKS = YES;
				GCC_WARN_64_TO_32_BIT_CONVERSION = YES;
				GCC_WARN_ABOUT_RETURN_TYPE = YES_ERROR;
				GCC_WARN_UNDECLARED_SELECTOR = YES;
				GCC_WARN_UNINITIALIZED_AUTOS = YES_AGGRESSIVE;
				GCC_WARN_UNUSED_FUNCTION = YES;
				GCC_WARN_UNUSED_VARIABLE = YES;
				IPHONEOS_DEPLOYMENT_TARGET = 10.2;
				MTL_ENABLE_DEBUG_INFO = NO;
				SDKROOT = iphoneos;
				SWIFT_OPTIMIZATION_LEVEL = "-Owholemodule";
				TARGETED_DEVICE_FAMILY = "1,2";
				VALIDATE_PRODUCT = YES;
			};
			name = Release;
		};
		468D5FED1EAF77E90072B5F0 /* Debug */ = {
			isa = XCBuildConfiguration;
			baseConfigurationReference = A17EF34940394179E9CE204E /* Pods-Swifty_companion.debug.xcconfig */;
			buildSettings = {
				ASSETCATALOG_COMPILER_APPICON_NAME = AppIcon;
				INFOPLIST_FILE = Swifty_companion/Info.plist;
				LD_RUNPATH_SEARCH_PATHS = "$(inherited) @executable_path/Frameworks";
				PRODUCT_BUNDLE_IDENTIFIER = "tvisenti.Swifty-companion";
				PRODUCT_NAME = "$(TARGET_NAME)";
				SWIFT_VERSION = 3.0;
			};
			name = Debug;
		};
		468D5FEE1EAF77E90072B5F0 /* Release */ = {
			isa = XCBuildConfiguration;
			baseConfigurationReference = 050667E09E9AAB376A7FF839 /* Pods-Swifty_companion.release.xcconfig */;
			buildSettings = {
				ASSETCATALOG_COMPILER_APPICON_NAME = AppIcon;
				INFOPLIST_FILE = Swifty_companion/Info.plist;
				LD_RUNPATH_SEARCH_PATHS = "$(inherited) @executable_path/Frameworks";
				PRODUCT_BUNDLE_IDENTIFIER = "tvisenti.Swifty-companion";
				PRODUCT_NAME = "$(TARGET_NAME)";
				SWIFT_VERSION = 3.0;
			};
			name = Release;
		};
		468D5FF01EAF77E90072B5F0 /* Debug */ = {
			isa = XCBuildConfiguration;
			buildSettings = {
				ALWAYS_EMBED_SWIFT_STANDARD_LIBRARIES = YES;
				BUNDLE_LOADER = "$(TEST_HOST)";
				INFOPLIST_FILE = Swifty_companionTests/Info.plist;
				LD_RUNPATH_SEARCH_PATHS = "$(inherited) @executable_path/Frameworks @loader_path/Frameworks";
				PRODUCT_BUNDLE_IDENTIFIER = "tvisenti.Swifty-companionTests";
				PRODUCT_NAME = "$(TARGET_NAME)";
				SWIFT_VERSION = 3.0;
				TEST_HOST = "$(BUILT_PRODUCTS_DIR)/Swifty_companion.app/Swifty_companion";
			};
			name = Debug;
		};
		468D5FF11EAF77E90072B5F0 /* Release */ = {
			isa = XCBuildConfiguration;
			buildSettings = {
				ALWAYS_EMBED_SWIFT_STANDARD_LIBRARIES = YES;
				BUNDLE_LOADER = "$(TEST_HOST)";
				INFOPLIST_FILE = Swifty_companionTests/Info.plist;
				LD_RUNPATH_SEARCH_PATHS = "$(inherited) @executable_path/Frameworks @loader_path/Frameworks";
				PRODUCT_BUNDLE_IDENTIFIER = "tvisenti.Swifty-companionTests";
				PRODUCT_NAME = "$(TARGET_NAME)";
				SWIFT_VERSION = 3.0;
				TEST_HOST = "$(BUILT_PRODUCTS_DIR)/Swifty_companion.app/Swifty_companion";
			};
			name = Release;
		};
		468D5FF31EAF77E90072B5F0 /* Debug */ = {
			isa = XCBuildConfiguration;
			buildSettings = {
				ALWAYS_EMBED_SWIFT_STANDARD_LIBRARIES = YES;
				INFOPLIST_FILE = Swifty_companionUITests/Info.plist;
				LD_RUNPATH_SEARCH_PATHS = "$(inherited) @executable_path/Frameworks @loader_path/Frameworks";
				PRODUCT_BUNDLE_IDENTIFIER = "tvisenti.Swifty-companionUITests";
				PRODUCT_NAME = "$(TARGET_NAME)";
				SWIFT_VERSION = 3.0;
				TEST_TARGET_NAME = Swifty_companion;
			};
			name = Debug;
		};
		468D5FF41EAF77E90072B5F0 /* Release */ = {
			isa = XCBuildConfiguration;
			buildSettings = {
				ALWAYS_EMBED_SWIFT_STANDARD_LIBRARIES = YES;
				INFOPLIST_FILE = Swifty_companionUITests/Info.plist;
				LD_RUNPATH_SEARCH_PATHS = "$(inherited) @executable_path/Frameworks @loader_path/Frameworks";
				PRODUCT_BUNDLE_IDENTIFIER = "tvisenti.Swifty-companionUITests";
				PRODUCT_NAME = "$(TARGET_NAME)";
				SWIFT_VERSION = 3.0;
				TEST_TARGET_NAME = Swifty_companion;
			};
			name = Release;
		};
/* End XCBuildConfiguration section */

/* Begin XCConfigurationList section */
		468D5FBF1EAF77E70072B5F0 /* Build configuration list for PBXProject "Swifty_companion" */ = {
			isa = XCConfigurationList;
			buildConfigurations = (
				468D5FEA1EAF77E90072B5F0 /* Debug */,
				468D5FEB1EAF77E90072B5F0 /* Release */,
			);
			defaultConfigurationIsVisible = 0;
			defaultConfigurationName = Release;
		};
		468D5FEC1EAF77E90072B5F0 /* Build configuration list for PBXNativeTarget "Swifty_companion" */ = {
			isa = XCConfigurationList;
			buildConfigurations = (
				468D5FED1EAF77E90072B5F0 /* Debug */,
				468D5FEE1EAF77E90072B5F0 /* Release */,
			);
			defaultConfigurationIsVisible = 0;
			defaultConfigurationName = Release;
		};
		468D5FEF1EAF77E90072B5F0 /* Build configuration list for PBXNativeTarget "Swifty_companionTests" */ = {
			isa = XCConfigurationList;
			buildConfigurations = (
				468D5FF01EAF77E90072B5F0 /* Debug */,
				468D5FF11EAF77E90072B5F0 /* Release */,
			);
			defaultConfigurationIsVisible = 0;
			defaultConfigurationName = Release;
		};
		468D5FF21EAF77E90072B5F0 /* Build configuration list for PBXNativeTarget "Swifty_companionUITests" */ = {
			isa = XCConfigurationList;
			buildConfigurations = (
				468D5FF31EAF77E90072B5F0 /* Debug */,
				468D5FF41EAF77E90072B5F0 /* Release */,
			);
			defaultConfigurationIsVisible = 0;
			defaultConfigurationName = Release;
		};
/* End XCConfigurationList section */
	};
	rootObject = 468D5FBC1EAF77E70072B5F0 /* Project object */;
}
